
Microsoft Visual Studio Solution File, Format Version 12.00
# 
Project("{F2A71F9B-5D33-465A-A702-920D77279786}") = "Talk", "Talk\Talk.fsproj", "{C58888BB-7561-42E9-A67A-4B687FCF3F35}"
EndProject
Project("{F2A71F9B-5D33-465A-A702-920D77279786}") = "Videos", "Videos\Videos.fsproj", "{196E5015-C834-4653-8E8B-F1FC0D216AAB}"
EndProject
Project("{F2A71F9B-5D33-465A-A702-920D77279786}") = "EventSourced", "EventSourced\EventSourced.fsproj", "{0A4DFB90-07A0-4EA3-BCD6-4CB1CBC7D7A5}"
EndProject
Global
	GlobalSection(SolutionConfigurationPlatforms) = preSolution
		Debug|Any CPU = Debug|Any CPU
		Release|Any CPU = Release|Any CPU
	EndGlobalSection
	GlobalSection(ProjectConfigurationPlatforms) = postSolution
		{C58888BB-7561-42E9-A67A-4B687FCF3F35}.Debug|Any CPU.ActiveCfg = Debug|Any CPU
		{C58888BB-7561-42E9-A67A-4B687FCF3F35}.Debug|Any CPU.Build.0 = Debug|Any CPU
		{C58888BB-7561-42E9-A67A-4B687FCF3F35}.Release|Any CPU.ActiveCfg = Release|Any CPU
		{C58888BB-7561-42E9-A67A-4B687FCF3F35}.Release|Any CPU.Build.0 = Release|Any CPU
		{196E5015-C834-4653-8E8B-F1FC0D216AAB}.Debug|Any CPU.ActiveCfg = Debug|Any CPU
		{196E5015-C834-4653-8E8B-F1FC0D216AAB}.Debug|Any CPU.Build.0 = Debug|Any CPU
		{196E5015-C834-4653-8E8B-F1FC0D216AAB}.Release|Any CPU.ActiveCfg = Release|Any CPU
		{196E5015-C834-4653-8E8B-F1FC0D216AAB}.Release|Any CPU.Build.0 = Release|Any CPU
		{0A4DFB90-07A0-4EA3-BCD6-4CB1CBC7D7A5}.Debug|Any CPU.ActiveCfg = Debug|Any CPU
		{0A4DFB90-07A0-4EA3-BCD6-4CB1CBC7D7A5}.Debug|Any CPU.Build.0 = Debug|Any CPU
		{0A4DFB90-07A0-4EA3-BCD6-4CB1CBC7D7A5}.Release|Any CPU.ActiveCfg = Release|Any CPU
		{0A4DFB90-07A0-4EA3-BCD6-4CB1CBC7D7A5}.Release|Any CPU.Build.0 = Release|Any CPU
	EndGlobalSection
EndGlobal
